
Microsoft Visual Studio Solution File, Format Version 12.00
# Visual Studio Version 16
VisualStudioVersion = 16.0.30711.63
MinimumVisualStudioVersion = 15.0.26124.0
Project("{9A19103F-16F7-4668-BE54-9A1E7A4F7556}") = "MyProject.Common", "src\MyProject.Common\MyProject.Common.csproj", "{357A11FC-B451-44AD-BA46-657E7ACB6A2F}"
EndProject
Project("{9A19103F-16F7-4668-BE54-9A1E7A4F7556}") = "MyProject.Frontend", "src\MyProject.Frontend\MyProject.Frontend.csproj", "{5C1FAA5F-D823-46CF-BE0B-7B2AE88BF71F}"
EndProject
Project("{9A19103F-16F7-4668-BE54-9A1E7A4F7556}") = "MyProject.Backend", "src\MyProject.Backend\MyProject.Backend.csproj", "{0EBB6C9B-EBE1-48B6-B20C-3B3F45316CC0}"
EndProject
Project("{9A19103F-16F7-4668-BE54-9A1E7A4F7556}") = "MyProject.WebAssembly", "src\MyProject.WebAssembly\MyProject.WebAssembly.csproj", "{F1644685-CA95-4DC0-AC0F-1DE0BBCF2982}"
EndProject
Project("{9A19103F-16F7-4668-BE54-9A1E7A4F7556}") = "MyProject.Host.ServerSideBlazor", "src\MyProject.Host.ServerSideBlazor\MyProject.Host.ServerSideBlazor.csproj", "{4042658E-A5F4-4080-AAB3-0F2CE28CF592}"
EndProject
Project("{9A19103F-16F7-4668-BE54-9A1E7A4F7556}") = "MyProject.Server", "src\MyProject.Server\MyProject.Server.csproj", "{3C184F28-3A38-499E-99F8-C7039C387E22}"
EndProject
Project("{9A19103F-16F7-4668-BE54-9A1E7A4F7556}") = "MyProject.Client", "src\MyProject.Client\MyProject.Client.csproj", "{2EA521B9-2622-4039-BD6B-B6CD4F40E80F}"
EndProject
Project("{9A19103F-16F7-4668-BE54-9A1E7A4F7556}") = "MyProject.Host.WebApi", "src\MyProject.Host.WebApi\MyProject.Host.WebApi.csproj", "{47DEE87A-BABD-4CED-998E-768060E2C6E8}"
EndProject
Project("{2150E333-8FDC-42A3-9474-1A3956D46DE8}") = "Tests", "Tests", "{E6C2A498-DB25-491C-8452-64E9FCB4C1F0}"
EndProject
Project("{9A19103F-16F7-4668-BE54-9A1E7A4F7556}") = "MyProject.Frontend.Tests", "tst\MyProject.Frontend.Tests\MyProject.Frontend.Tests.csproj", "{CFB55BD0-9144-46B7-91E8-A2FBADD2A463}"
EndProject
Project("{9A19103F-16F7-4668-BE54-9A1E7A4F7556}") = "MyProject.Backend.Tests", "tst\MyProject.Backend.Tests\MyProject.Backend.Tests.csproj", "{9DDD5342-5F3F-49E5-8027-F60CBF161262}"
EndProject
Project("{9A19103F-16F7-4668-BE54-9A1E7A4F7556}") = "MyProject.ClientServer.Tests", "tst\MyProject.ClientServer.Tests\MyProject.ClientServer.Tests.csproj", "{60AD4EC9-878E-4A4B-B6A2-79296D7A64EF}"
EndProject
Project("{2150E333-8FDC-42A3-9474-1A3956D46DE8}") = "Hosts", "Hosts", "{B584F5E5-50F2-45C5-9F70-26992D3A21D1}"
EndProject
Project("{2150E333-8FDC-42A3-9474-1A3956D46DE8}") = "WebApi", "WebApi", "{ED0133C9-16AC-4781-B309-506911710709}"
EndProject
Project("{9A19103F-16F7-4668-BE54-9A1E7A4F7556}") = "MyProject.Host.Combi", "src\MyProject.Host.Combi\MyProject.Host.Combi.csproj", "{1D9A0EF4-8BF9-44D7-8B67-660203C9C1A7}"
EndProject
Project("{9A19103F-16F7-4668-BE54-9A1E7A4F7556}") = "MyProject.ServerSide", "src\MyProject.ServerSide\MyProject.ServerSide.csproj", "{EBD0FC8D-21F7-4860-AFC7-B93CB64168BF}"
EndProject
Project("{2150E333-8FDC-42A3-9474-1A3956D46DE8}") = "HostingModels", "HostingModels", "{4D896F07-0A7B-4519-AD25-AFE16F6E1369}"
EndProject
Project("{2150E333-8FDC-42A3-9474-1A3956D46DE8}") = "App", "App", "{DC7975EA-6EAC-4531-B218-C4575323FB03}"
EndProject
Global
	GlobalSection(SolutionConfigurationPlatforms) = preSolution
		Debug|Any CPU = Debug|Any CPU
		Debug|x64 = Debug|x64
		Debug|x86 = Debug|x86
		Release|Any CPU = Release|Any CPU
		Release|x64 = Release|x64
		Release|x86 = Release|x86
	EndGlobalSection
	GlobalSection(ProjectConfigurationPlatforms) = postSolution
		{357A11FC-B451-44AD-BA46-657E7ACB6A2F}.Debug|Any CPU.ActiveCfg = Debug|Any CPU
		{357A11FC-B451-44AD-BA46-657E7ACB6A2F}.Debug|Any CPU.Build.0 = Debug|Any CPU
		{357A11FC-B451-44AD-BA46-657E7ACB6A2F}.Debug|x64.ActiveCfg = Debug|Any CPU
		{357A11FC-B451-44AD-BA46-657E7ACB6A2F}.Debug|x64.Build.0 = Debug|Any CPU
		{357A11FC-B451-44AD-BA46-657E7ACB6A2F}.Debug|x86.ActiveCfg = Debug|Any CPU
		{357A11FC-B451-44AD-BA46-657E7ACB6A2F}.Debug|x86.Build.0 = Debug|Any CPU
		{357A11FC-B451-44AD-BA46-657E7ACB6A2F}.Release|Any CPU.ActiveCfg = Release|Any CPU
		{357A11FC-B451-44AD-BA46-657E7ACB6A2F}.Release|Any CPU.Build.0 = Release|Any CPU
		{357A11FC-B451-44AD-BA46-657E7ACB6A2F}.Release|x64.ActiveCfg = Release|Any CPU
		{357A11FC-B451-44AD-BA46-657E7ACB6A2F}.Release|x64.Build.0 = Release|Any CPU
		{357A11FC-B451-44AD-BA46-657E7ACB6A2F}.Release|x86.ActiveCfg = Release|Any CPU
		{357A11FC-B451-44AD-BA46-657E7ACB6A2F}.Release|x86.Build.0 = Release|Any CPU
		{5C1FAA5F-D823-46CF-BE0B-7B2AE88BF71F}.Debug|Any CPU.ActiveCfg = Debug|Any CPU
		{5C1FAA5F-D823-46CF-BE0B-7B2AE88BF71F}.Debug|Any CPU.Build.0 = Debug|Any CPU
		{5C1FAA5F-D823-46CF-BE0B-7B2AE88BF71F}.Debug|x64.ActiveCfg = Debug|Any CPU
		{5C1FAA5F-D823-46CF-BE0B-7B2AE88BF71F}.Debug|x64.Build.0 = Debug|Any CPU
		{5C1FAA5F-D823-46CF-BE0B-7B2AE88BF71F}.Debug|x86.ActiveCfg = Debug|Any CPU
		{5C1FAA5F-D823-46CF-BE0B-7B2AE88BF71F}.Debug|x86.Build.0 = Debug|Any CPU
		{5C1FAA5F-D823-46CF-BE0B-7B2AE88BF71F}.Release|Any CPU.ActiveCfg = Release|Any CPU
		{5C1FAA5F-D823-46CF-BE0B-7B2AE88BF71F}.Release|Any CPU.Build.0 = Release|Any CPU
		{5C1FAA5F-D823-46CF-BE0B-7B2AE88BF71F}.Release|x64.ActiveCfg = Release|Any CPU
		{5C1FAA5F-D823-46CF-BE0B-7B2AE88BF71F}.Release|x64.Build.0 = Release|Any CPU
		{5C1FAA5F-D823-46CF-BE0B-7B2AE88BF71F}.Release|x86.ActiveCfg = Release|Any CPU
		{5C1FAA5F-D823-46CF-BE0B-7B2AE88BF71F}.Release|x86.Build.0 = Release|Any CPU
		{0EBB6C9B-EBE1-48B6-B20C-3B3F45316CC0}.Debug|Any CPU.ActiveCfg = Debug|Any CPU
		{0EBB6C9B-EBE1-48B6-B20C-3B3F45316CC0}.Debug|Any CPU.Build.0 = Debug|Any CPU
		{0EBB6C9B-EBE1-48B6-B20C-3B3F45316CC0}.Debug|x64.ActiveCfg = Debug|Any CPU
		{0EBB6C9B-EBE1-48B6-B20C-3B3F45316CC0}.Debug|x64.Build.0 = Debug|Any CPU
		{0EBB6C9B-EBE1-48B6-B20C-3B3F45316CC0}.Debug|x86.ActiveCfg = Debug|Any CPU
		{0EBB6C9B-EBE1-48B6-B20C-3B3F45316CC0}.Debug|x86.Build.0 = Debug|Any CPU
		{0EBB6C9B-EBE1-48B6-B20C-3B3F45316CC0}.Release|Any CPU.ActiveCfg = Release|Any CPU
		{0EBB6C9B-EBE1-48B6-B20C-3B3F45316CC0}.Release|Any CPU.Build.0 = Release|Any CPU
		{0EBB6C9B-EBE1-48B6-B20C-3B3F45316CC0}.Release|x64.ActiveCfg = Release|Any CPU
		{0EBB6C9B-EBE1-48B6-B20C-3B3F45316CC0}.Release|x64.Build.0 = Release|Any CPU
		{0EBB6C9B-EBE1-48B6-B20C-3B3F45316CC0}.Release|x86.ActiveCfg = Release|Any CPU
		{0EBB6C9B-EBE1-48B6-B20C-3B3F45316CC0}.Release|x86.Build.0 = Release|Any CPU
		{F1644685-CA95-4DC0-AC0F-1DE0BBCF2982}.Debug|Any CPU.ActiveCfg = Debug|Any CPU
		{F1644685-CA95-4DC0-AC0F-1DE0BBCF2982}.Debug|Any CPU.Build.0 = Debug|Any CPU
		{F1644685-CA95-4DC0-AC0F-1DE0BBCF2982}.Debug|x64.ActiveCfg = Debug|Any CPU
		{F1644685-CA95-4DC0-AC0F-1DE0BBCF2982}.Debug|x64.Build.0 = Debug|Any CPU
		{F1644685-CA95-4DC0-AC0F-1DE0BBCF2982}.Debug|x86.ActiveCfg = Debug|Any CPU
		{F1644685-CA95-4DC0-AC0F-1DE0BBCF2982}.Debug|x86.Build.0 = Debug|Any CPU
		{F1644685-CA95-4DC0-AC0F-1DE0BBCF2982}.Release|Any CPU.ActiveCfg = Release|Any CPU
		{F1644685-CA95-4DC0-AC0F-1DE0BBCF2982}.Release|Any CPU.Build.0 = Release|Any CPU
		{F1644685-CA95-4DC0-AC0F-1DE0BBCF2982}.Release|x64.ActiveCfg = Release|Any CPU
		{F1644685-CA95-4DC0-AC0F-1DE0BBCF2982}.Release|x64.Build.0 = Release|Any CPU
		{F1644685-CA95-4DC0-AC0F-1DE0BBCF2982}.Release|x86.ActiveCfg = Release|Any CPU
		{F1644685-CA95-4DC0-AC0F-1DE0BBCF2982}.Release|x86.Build.0 = Release|Any CPU
		{4042658E-A5F4-4080-AAB3-0F2CE28CF592}.Debug|Any CPU.ActiveCfg = Debug|Any CPU
		{4042658E-A5F4-4080-AAB3-0F2CE28CF592}.Debug|Any CPU.Build.0 = Debug|Any CPU
		{4042658E-A5F4-4080-AAB3-0F2CE28CF592}.Debug|x64.ActiveCfg = Debug|Any CPU
		{4042658E-A5F4-4080-AAB3-0F2CE28CF592}.Debug|x64.Build.0 = Debug|Any CPU
		{4042658E-A5F4-4080-AAB3-0F2CE28CF592}.Debug|x86.ActiveCfg = Debug|Any CPU
		{4042658E-A5F4-4080-AAB3-0F2CE28CF592}.Debug|x86.Build.0 = Debug|Any CPU
		{4042658E-A5F4-4080-AAB3-0F2CE28CF592}.Release|Any CPU.ActiveCfg = Release|Any CPU
		{4042658E-A5F4-4080-AAB3-0F2CE28CF592}.Release|Any CPU.Build.0 = Release|Any CPU
		{4042658E-A5F4-4080-AAB3-0F2CE28CF592}.Release|x64.ActiveCfg = Release|Any CPU
		{4042658E-A5F4-4080-AAB3-0F2CE28CF592}.Release|x64.Build.0 = Release|Any CPU
		{4042658E-A5F4-4080-AAB3-0F2CE28CF592}.Release|x86.ActiveCfg = Release|Any CPU
		{4042658E-A5F4-4080-AAB3-0F2CE28CF592}.Release|x86.Build.0 = Release|Any CPU
		{3C184F28-3A38-499E-99F8-C7039C387E22}.Debug|Any CPU.ActiveCfg = Debug|Any CPU
		{3C184F28-3A38-499E-99F8-C7039C387E22}.Debug|Any CPU.Build.0 = Debug|Any CPU
		{3C184F28-3A38-499E-99F8-C7039C387E22}.Debug|x64.ActiveCfg = Debug|Any CPU
		{3C184F28-3A38-499E-99F8-C7039C387E22}.Debug|x64.Build.0 = Debug|Any CPU
		{3C184F28-3A38-499E-99F8-C7039C387E22}.Debug|x86.ActiveCfg = Debug|Any CPU
		{3C184F28-3A38-499E-99F8-C7039C387E22}.Debug|x86.Build.0 = Debug|Any CPU
		{3C184F28-3A38-499E-99F8-C7039C387E22}.Release|Any CPU.ActiveCfg = Release|Any CPU
		{3C184F28-3A38-499E-99F8-C7039C387E22}.Release|Any CPU.Build.0 = Release|Any CPU
		{3C184F28-3A38-499E-99F8-C7039C387E22}.Release|x64.ActiveCfg = Release|Any CPU
		{3C184F28-3A38-499E-99F8-C7039C387E22}.Release|x64.Build.0 = Release|Any CPU
		{3C184F28-3A38-499E-99F8-C7039C387E22}.Release|x86.ActiveCfg = Release|Any CPU
		{3C184F28-3A38-499E-99F8-C7039C387E22}.Release|x86.Build.0 = Release|Any CPU
		{2EA521B9-2622-4039-BD6B-B6CD4F40E80F}.Debug|Any CPU.ActiveCfg = Debug|Any CPU
		{2EA521B9-2622-4039-BD6B-B6CD4F40E80F}.Debug|Any CPU.Build.0 = Debug|Any CPU
		{2EA521B9-2622-4039-BD6B-B6CD4F40E80F}.Debug|x64.ActiveCfg = Debug|Any CPU
		{2EA521B9-2622-4039-BD6B-B6CD4F40E80F}.Debug|x64.Build.0 = Debug|Any CPU
		{2EA521B9-2622-4039-BD6B-B6CD4F40E80F}.Debug|x86.ActiveCfg = Debug|Any CPU
		{2EA521B9-2622-4039-BD6B-B6CD4F40E80F}.Debug|x86.Build.0 = Debug|Any CPU
		{2EA521B9-2622-4039-BD6B-B6CD4F40E80F}.Release|Any CPU.ActiveCfg = Release|Any CPU
		{2EA521B9-2622-4039-BD6B-B6CD4F40E80F}.Release|Any CPU.Build.0 = Release|Any CPU
		{2EA521B9-2622-4039-BD6B-B6CD4F40E80F}.Release|x64.ActiveCfg = Release|Any CPU
		{2EA521B9-2622-4039-BD6B-B6CD4F40E80F}.Release|x64.Build.0 = Release|Any CPU
		{2EA521B9-2622-4039-BD6B-B6CD4F40E80F}.Release|x86.ActiveCfg = Release|Any CPU
		{2EA521B9-2622-4039-BD6B-B6CD4F40E80F}.Release|x86.Build.0 = Release|Any CPU
		{47DEE87A-BABD-4CED-998E-768060E2C6E8}.Debug|Any CPU.ActiveCfg = Debug|Any CPU
		{47DEE87A-BABD-4CED-998E-768060E2C6E8}.Debug|Any CPU.Build.0 = Debug|Any CPU
		{47DEE87A-BABD-4CED-998E-768060E2C6E8}.Debug|x64.ActiveCfg = Debug|Any CPU
		{47DEE87A-BABD-4CED-998E-768060E2C6E8}.Debug|x64.Build.0 = Debug|Any CPU
		{47DEE87A-BABD-4CED-998E-768060E2C6E8}.Debug|x86.ActiveCfg = Debug|Any CPU
		{47DEE87A-BABD-4CED-998E-768060E2C6E8}.Debug|x86.Build.0 = Debug|Any CPU
		{47DEE87A-BABD-4CED-998E-768060E2C6E8}.Release|Any CPU.ActiveCfg = Release|Any CPU
		{47DEE87A-BABD-4CED-998E-768060E2C6E8}.Release|Any CPU.Build.0 = Release|Any CPU
		{47DEE87A-BABD-4CED-998E-768060E2C6E8}.Release|x64.ActiveCfg = Release|Any CPU
		{47DEE87A-BABD-4CED-998E-768060E2C6E8}.Release|x64.Build.0 = Release|Any CPU
		{47DEE87A-BABD-4CED-998E-768060E2C6E8}.Release|x86.ActiveCfg = Release|Any CPU
		{47DEE87A-BABD-4CED-998E-768060E2C6E8}.Release|x86.Build.0 = Release|Any CPU
		{CFB55BD0-9144-46B7-91E8-A2FBADD2A463}.Debug|Any CPU.ActiveCfg = Debug|Any CPU
		{CFB55BD0-9144-46B7-91E8-A2FBADD2A463}.Debug|Any CPU.Build.0 = Debug|Any CPU
		{CFB55BD0-9144-46B7-91E8-A2FBADD2A463}.Debug|x64.ActiveCfg = Debug|Any CPU
		{CFB55BD0-9144-46B7-91E8-A2FBADD2A463}.Debug|x64.Build.0 = Debug|Any CPU
		{CFB55BD0-9144-46B7-91E8-A2FBADD2A463}.Debug|x86.ActiveCfg = Debug|Any CPU
		{CFB55BD0-9144-46B7-91E8-A2FBADD2A463}.Debug|x86.Build.0 = Debug|Any CPU
		{CFB55BD0-9144-46B7-91E8-A2FBADD2A463}.Release|Any CPU.ActiveCfg = Release|Any CPU
		{CFB55BD0-9144-46B7-91E8-A2FBADD2A463}.Release|Any CPU.Build.0 = Release|Any CPU
		{CFB55BD0-9144-46B7-91E8-A2FBADD2A463}.Release|x64.ActiveCfg = Release|Any CPU
		{CFB55BD0-9144-46B7-91E8-A2FBADD2A463}.Release|x64.Build.0 = Release|Any CPU
		{CFB55BD0-9144-46B7-91E8-A2FBADD2A463}.Release|x86.ActiveCfg = Release|Any CPU
		{CFB55BD0-9144-46B7-91E8-A2FBADD2A463}.Release|x86.Build.0 = Release|Any CPU
		{9DDD5342-5F3F-49E5-8027-F60CBF161262}.Debug|Any CPU.ActiveCfg = Debug|Any CPU
		{9DDD5342-5F3F-49E5-8027-F60CBF161262}.Debug|Any CPU.Build.0 = Debug|Any CPU
		{9DDD5342-5F3F-49E5-8027-F60CBF161262}.Debug|x64.ActiveCfg = Debug|Any CPU
		{9DDD5342-5F3F-49E5-8027-F60CBF161262}.Debug|x64.Build.0 = Debug|Any CPU
		{9DDD5342-5F3F-49E5-8027-F60CBF161262}.Debug|x86.ActiveCfg = Debug|Any CPU
		{9DDD5342-5F3F-49E5-8027-F60CBF161262}.Debug|x86.Build.0 = Debug|Any CPU
		{9DDD5342-5F3F-49E5-8027-F60CBF161262}.Release|Any CPU.ActiveCfg = Release|Any CPU
		{9DDD5342-5F3F-49E5-8027-F60CBF161262}.Release|Any CPU.Build.0 = Release|Any CPU
		{9DDD5342-5F3F-49E5-8027-F60CBF161262}.Release|x64.ActiveCfg = Release|Any CPU
		{9DDD5342-5F3F-49E5-8027-F60CBF161262}.Release|x64.Build.0 = Release|Any CPU
		{9DDD5342-5F3F-49E5-8027-F60CBF161262}.Release|x86.ActiveCfg = Release|Any CPU
		{9DDD5342-5F3F-49E5-8027-F60CBF161262}.Release|x86.Build.0 = Release|Any CPU
		{60AD4EC9-878E-4A4B-B6A2-79296D7A64EF}.Debug|Any CPU.ActiveCfg = Debug|Any CPU
		{60AD4EC9-878E-4A4B-B6A2-79296D7A64EF}.Debug|Any CPU.Build.0 = Debug|Any CPU
		{60AD4EC9-878E-4A4B-B6A2-79296D7A64EF}.Debug|x64.ActiveCfg = Debug|Any CPU
		{60AD4EC9-878E-4A4B-B6A2-79296D7A64EF}.Debug|x64.Build.0 = Debug|Any CPU
		{60AD4EC9-878E-4A4B-B6A2-79296D7A64EF}.Debug|x86.ActiveCfg = Debug|Any CPU
		{60AD4EC9-878E-4A4B-B6A2-79296D7A64EF}.Debug|x86.Build.0 = Debug|Any CPU
		{60AD4EC9-878E-4A4B-B6A2-79296D7A64EF}.Release|Any CPU.ActiveCfg = Release|Any CPU
		{60AD4EC9-878E-4A4B-B6A2-79296D7A64EF}.Release|Any CPU.Build.0 = Release|Any CPU
		{60AD4EC9-878E-4A4B-B6A2-79296D7A64EF}.Release|x64.ActiveCfg = Release|Any CPU
		{60AD4EC9-878E-4A4B-B6A2-79296D7A64EF}.Release|x64.Build.0 = Release|Any CPU
		{60AD4EC9-878E-4A4B-B6A2-79296D7A64EF}.Release|x86.ActiveCfg = Release|Any CPU
		{60AD4EC9-878E-4A4B-B6A2-79296D7A64EF}.Release|x86.Build.0 = Release|Any CPU
		{1D9A0EF4-8BF9-44D7-8B67-660203C9C1A7}.Debug|Any CPU.ActiveCfg = Debug|Any CPU
		{1D9A0EF4-8BF9-44D7-8B67-660203C9C1A7}.Debug|Any CPU.Build.0 = Debug|Any CPU
		{1D9A0EF4-8BF9-44D7-8B67-660203C9C1A7}.Debug|x64.ActiveCfg = Debug|Any CPU
		{1D9A0EF4-8BF9-44D7-8B67-660203C9C1A7}.Debug|x64.Build.0 = Debug|Any CPU
		{1D9A0EF4-8BF9-44D7-8B67-660203C9C1A7}.Debug|x86.ActiveCfg = Debug|Any CPU
		{1D9A0EF4-8BF9-44D7-8B67-660203C9C1A7}.Debug|x86.Build.0 = Debug|Any CPU
		{1D9A0EF4-8BF9-44D7-8B67-660203C9C1A7}.Release|Any CPU.ActiveCfg = Release|Any CPU
		{1D9A0EF4-8BF9-44D7-8B67-660203C9C1A7}.Release|Any CPU.Build.0 = Release|Any CPU
		{1D9A0EF4-8BF9-44D7-8B67-660203C9C1A7}.Release|x64.ActiveCfg = Release|Any CPU
		{1D9A0EF4-8BF9-44D7-8B67-660203C9C1A7}.Release|x64.Build.0 = Release|Any CPU
		{1D9A0EF4-8BF9-44D7-8B67-660203C9C1A7}.Release|x86.ActiveCfg = Release|Any CPU
		{1D9A0EF4-8BF9-44D7-8B67-660203C9C1A7}.Release|x86.Build.0 = Release|Any CPU
		{EBD0FC8D-21F7-4860-AFC7-B93CB64168BF}.Debug|Any CPU.ActiveCfg = Debug|Any CPU
		{EBD0FC8D-21F7-4860-AFC7-B93CB64168BF}.Debug|Any CPU.Build.0 = Debug|Any CPU
		{EBD0FC8D-21F7-4860-AFC7-B93CB64168BF}.Debug|x64.ActiveCfg = Debug|Any CPU
		{EBD0FC8D-21F7-4860-AFC7-B93CB64168BF}.Debug|x64.Build.0 = Debug|Any CPU
		{EBD0FC8D-21F7-4860-AFC7-B93CB64168BF}.Debug|x86.ActiveCfg = Debug|Any CPU
		{EBD0FC8D-21F7-4860-AFC7-B93CB64168BF}.Debug|x86.Build.0 = Debug|Any CPU
		{EBD0FC8D-21F7-4860-AFC7-B93CB64168BF}.Release|Any CPU.ActiveCfg = Release|Any CPU
		{EBD0FC8D-21F7-4860-AFC7-B93CB64168BF}.Release|Any CPU.Build.0 = Release|Any CPU
		{EBD0FC8D-21F7-4860-AFC7-B93CB64168BF}.Release|x64.ActiveCfg = Release|Any CPU
		{EBD0FC8D-21F7-4860-AFC7-B93CB64168BF}.Release|x64.Build.0 = Release|Any CPU
		{EBD0FC8D-21F7-4860-AFC7-B93CB64168BF}.Release|x86.ActiveCfg = Release|Any CPU
		{EBD0FC8D-21F7-4860-AFC7-B93CB64168BF}.Release|x86.Build.0 = Release|Any CPU
	EndGlobalSection
	GlobalSection(SolutionProperties) = preSolution
		HideSolutionNode = FALSE
	EndGlobalSection
	GlobalSection(NestedProjects) = preSolution
		{357A11FC-B451-44AD-BA46-657E7ACB6A2F} = {DC7975EA-6EAC-4531-B218-C4575323FB03}
		{5C1FAA5F-D823-46CF-BE0B-7B2AE88BF71F} = {DC7975EA-6EAC-4531-B218-C4575323FB03}
		{0EBB6C9B-EBE1-48B6-B20C-3B3F45316CC0} = {DC7975EA-6EAC-4531-B218-C4575323FB03}
		{F1644685-CA95-4DC0-AC0F-1DE0BBCF2982} = {4D896F07-0A7B-4519-AD25-AFE16F6E1369}
		{4042658E-A5F4-4080-AAB3-0F2CE28CF592} = {B584F5E5-50F2-45C5-9F70-26992D3A21D1}
		{3C184F28-3A38-499E-99F8-C7039C387E22} = {ED0133C9-16AC-4781-B309-506911710709}
		{2EA521B9-2622-4039-BD6B-B6CD4F40E80F} = {ED0133C9-16AC-4781-B309-506911710709}
		{47DEE87A-BABD-4CED-998E-768060E2C6E8} = {B584F5E5-50F2-45C5-9F70-26992D3A21D1}
		{CFB55BD0-9144-46B7-91E8-A2FBADD2A463} = {E6C2A498-DB25-491C-8452-64E9FCB4C1F0}
		{9DDD5342-5F3F-49E5-8027-F60CBF161262} = {E6C2A498-DB25-491C-8452-64E9FCB4C1F0}
		{60AD4EC9-878E-4A4B-B6A2-79296D7A64EF} = {E6C2A498-DB25-491C-8452-64E9FCB4C1F0}
		{1D9A0EF4-8BF9-44D7-8B67-660203C9C1A7} = {B584F5E5-50F2-45C5-9F70-26992D3A21D1}
		{EBD0FC8D-21F7-4860-AFC7-B93CB64168BF} = {4D896F07-0A7B-4519-AD25-AFE16F6E1369}
	EndGlobalSection
	GlobalSection(ExtensibilityGlobals) = postSolution
		SolutionGuid = {CE24B762-A2B5-4CCF-A861-5F9646507D33}
	EndGlobalSection
EndGlobal
